
Microsoft Visual Studio Solution File, Format Version 12.00
# Visual Studio 2013
VisualStudioVersion = 12.0.21005.1
MinimumVisualStudioVersion = 10.0.40219.1
Project("{8BC9CEB8-8B4A-11D0-8D11-00A0C91BC942}") = "AshaEngine", "AshaEngine\AshaEngine.vcxproj", "{184F7586-08EE-4257-AA92-E1D829288952}"
EndProject
Project("{8BC9CEB8-8B4A-11D0-8D11-00A0C91BC942}") = "test2012", "test2012\test2012.vcxproj", "{2F845431-0F87-4F91-B880-5114D93F0E85}"
EndProject
Project("{8BC9CEB8-8B4A-11D0-8D11-00A0C91BC942}") = "AshaMath", "AshaMath\AshaMath.vcxproj", "{0FF4D30D-4080-47F2-A811-F9785D936FF4}"
EndProject
Project("{8BC9CEB8-8B4A-11D0-8D11-00A0C91BC942}") = "DialogUI", "DialogUI\DialogUI.vcxproj", "{F12EBF9C-45E6-4B7C-9F04-FDF86A515894}"
EndProject
Project("{8BC9CEB8-8B4A-11D0-8D11-00A0C91BC942}") = "PokerApp", "PokerApp\PokerApp.vcxproj", "{B396C7C5-E8A2-4F00-BD9A-22E8D4D11E81}"
EndProject
Project("{8BC9CEB8-8B4A-11D0-8D11-00A0C91BC942}") = "Asha2DUI", "Asha2DUI\Asha2DUI.vcxproj", "{5926170F-E41D-427B-B979-78CEC1DC6066}"
EndProject
Project("{8BC9CEB8-8B4A-11D0-8D11-00A0C91BC942}") = "AshaWnd", "AshaWnd\AshaWnd.vcxproj", "{9ACD6A4C-E5BE-410D-B939-2488323BB658}"
EndProject
Project("{8BC9CEB8-8B4A-11D0-8D11-00A0C91BC942}") = "thunk", "Thunk\test.vcxproj", "{FB5AAACC-39B6-401F-8398-77B17E36E375}"
EndProject
Project("{2150E333-8FDC-42A3-9474-1A3956D46DE8}") = "Asha", "Asha", "{5139BF82-D28E-4717-9EE9-B5107A5CAE0F}"
EndProject
Project("{2150E333-8FDC-42A3-9474-1A3956D46DE8}") = "Poker", "Poker", "{0B243C7D-FD66-4203-B8D2-F75621468C85}"
EndProject
Project("{2150E333-8FDC-42A3-9474-1A3956D46DE8}") = "tut", "tut", "{7A7AA841-227E-4196-876A-ACC183B125C2}"
EndProject
Global
	GlobalSection(SolutionConfigurationPlatforms) = preSolution
		Debug|Win32 = Debug|Win32
		Debug|x64 = Debug|x64
		Profile|Win32 = Profile|Win32
		Profile|x64 = Profile|x64
		Release|Win32 = Release|Win32
		Release|x64 = Release|x64
		Template|Win32 = Template|Win32
		Template|x64 = Template|x64
	EndGlobalSection
	GlobalSection(ProjectConfigurationPlatforms) = postSolution
		{184F7586-08EE-4257-AA92-E1D829288952}.Debug|Win32.ActiveCfg = Debug|Win32
		{184F7586-08EE-4257-AA92-E1D829288952}.Debug|Win32.Build.0 = Debug|Win32
		{184F7586-08EE-4257-AA92-E1D829288952}.Debug|x64.ActiveCfg = Debug|Win32
		{184F7586-08EE-4257-AA92-E1D829288952}.Profile|Win32.ActiveCfg = Release|Win32
		{184F7586-08EE-4257-AA92-E1D829288952}.Profile|Win32.Build.0 = Release|Win32
		{184F7586-08EE-4257-AA92-E1D829288952}.Profile|x64.ActiveCfg = Release|Win32
		{184F7586-08EE-4257-AA92-E1D829288952}.Release|Win32.ActiveCfg = Release|Win32
		{184F7586-08EE-4257-AA92-E1D829288952}.Release|Win32.Build.0 = Release|Win32
		{184F7586-08EE-4257-AA92-E1D829288952}.Release|x64.ActiveCfg = Release|Win32
		{184F7586-08EE-4257-AA92-E1D829288952}.Template|Win32.ActiveCfg = Release|Win32
		{184F7586-08EE-4257-AA92-E1D829288952}.Template|Win32.Build.0 = Release|Win32
		{184F7586-08EE-4257-AA92-E1D829288952}.Template|x64.ActiveCfg = Release|Win32
		{2F845431-0F87-4F91-B880-5114D93F0E85}.Debug|Win32.ActiveCfg = Debug|Win32
		{2F845431-0F87-4F91-B880-5114D93F0E85}.Debug|Win32.Build.0 = Debug|Win32
		{2F845431-0F87-4F91-B880-5114D93F0E85}.Debug|x64.ActiveCfg = Debug|Win32
		{2F845431-0F87-4F91-B880-5114D93F0E85}.Profile|Win32.ActiveCfg = Release|Win32
		{2F845431-0F87-4F91-B880-5114D93F0E85}.Profile|Win32.Build.0 = Release|Win32
		{2F845431-0F87-4F91-B880-5114D93F0E85}.Profile|x64.ActiveCfg = Release|Win32
		{2F845431-0F87-4F91-B880-5114D93F0E85}.Release|Win32.ActiveCfg = Release|Win32
		{2F845431-0F87-4F91-B880-5114D93F0E85}.Release|Win32.Build.0 = Release|Win32
		{2F845431-0F87-4F91-B880-5114D93F0E85}.Release|x64.ActiveCfg = Release|Win32
		{2F845431-0F87-4F91-B880-5114D93F0E85}.Template|Win32.ActiveCfg = Release|Win32
		{2F845431-0F87-4F91-B880-5114D93F0E85}.Template|Win32.Build.0 = Release|Win32
		{2F845431-0F87-4F91-B880-5114D93F0E85}.Template|x64.ActiveCfg = Release|Win32
		{0FF4D30D-4080-47F2-A811-F9785D936FF4}.Debug|Win32.ActiveCfg = Debug|Win32
		{0FF4D30D-4080-47F2-A811-F9785D936FF4}.Debug|Win32.Build.0 = Debug|Win32
		{0FF4D30D-4080-47F2-A811-F9785D936FF4}.Debug|x64.ActiveCfg = Debug|Win32
		{0FF4D30D-4080-47F2-A811-F9785D936FF4}.Profile|Win32.ActiveCfg = Release|Win32
		{0FF4D30D-4080-47F2-A811-F9785D936FF4}.Profile|Win32.Build.0 = Release|Win32
		{0FF4D30D-4080-47F2-A811-F9785D936FF4}.Profile|x64.ActiveCfg = Release|Win32
		{0FF4D30D-4080-47F2-A811-F9785D936FF4}.Release|Win32.ActiveCfg = Release|Win32
		{0FF4D30D-4080-47F2-A811-F9785D936FF4}.Release|Win32.Build.0 = Release|Win32
		{0FF4D30D-4080-47F2-A811-F9785D936FF4}.Release|x64.ActiveCfg = Release|Win32
		{0FF4D30D-4080-47F2-A811-F9785D936FF4}.Template|Win32.ActiveCfg = Release|Win32
		{0FF4D30D-4080-47F2-A811-F9785D936FF4}.Template|Win32.Build.0 = Release|Win32
		{0FF4D30D-4080-47F2-A811-F9785D936FF4}.Template|x64.ActiveCfg = Release|Win32
		{F12EBF9C-45E6-4B7C-9F04-FDF86A515894}.Debug|Win32.ActiveCfg = Debug|Win32
		{F12EBF9C-45E6-4B7C-9F04-FDF86A515894}.Debug|Win32.Build.0 = Debug|Win32
		{F12EBF9C-45E6-4B7C-9F04-FDF86A515894}.Debug|x64.ActiveCfg = Debug|Win32
		{F12EBF9C-45E6-4B7C-9F04-FDF86A515894}.Profile|Win32.ActiveCfg = Release|Win32
		{F12EBF9C-45E6-4B7C-9F04-FDF86A515894}.Profile|Win32.Build.0 = Release|Win32
		{F12EBF9C-45E6-4B7C-9F04-FDF86A515894}.Profile|x64.ActiveCfg = Release|Win32
		{F12EBF9C-45E6-4B7C-9F04-FDF86A515894}.Release|Win32.ActiveCfg = Release|Win32
		{F12EBF9C-45E6-4B7C-9F04-FDF86A515894}.Release|Win32.Build.0 = Release|Win32
		{F12EBF9C-45E6-4B7C-9F04-FDF86A515894}.Release|x64.ActiveCfg = Release|Win32
		{F12EBF9C-45E6-4B7C-9F04-FDF86A515894}.Template|Win32.ActiveCfg = Release|Win32
		{F12EBF9C-45E6-4B7C-9F04-FDF86A515894}.Template|Win32.Build.0 = Release|Win32
		{F12EBF9C-45E6-4B7C-9F04-FDF86A515894}.Template|x64.ActiveCfg = Release|Win32
		{B396C7C5-E8A2-4F00-BD9A-22E8D4D11E81}.Debug|Win32.ActiveCfg = Debug|Win32
		{B396C7C5-E8A2-4F00-BD9A-22E8D4D11E81}.Debug|Win32.Build.0 = Debug|Win32
		{B396C7C5-E8A2-4F00-BD9A-22E8D4D11E81}.Debug|x64.ActiveCfg = Debug|Win32
		{B396C7C5-E8A2-4F00-BD9A-22E8D4D11E81}.Profile|Win32.ActiveCfg = Release|Win32
		{B396C7C5-E8A2-4F00-BD9A-22E8D4D11E81}.Profile|Win32.Build.0 = Release|Win32
		{B396C7C5-E8A2-4F00-BD9A-22E8D4D11E81}.Profile|x64.ActiveCfg = Release|Win32
		{B396C7C5-E8A2-4F00-BD9A-22E8D4D11E81}.Release|Win32.ActiveCfg = Release|Win32
		{B396C7C5-E8A2-4F00-BD9A-22E8D4D11E81}.Release|Win32.Build.0 = Release|Win32
		{B396C7C5-E8A2-4F00-BD9A-22E8D4D11E81}.Release|x64.ActiveCfg = Release|Win32
		{B396C7C5-E8A2-4F00-BD9A-22E8D4D11E81}.Template|Win32.ActiveCfg = Release|Win32
		{B396C7C5-E8A2-4F00-BD9A-22E8D4D11E81}.Template|Win32.Build.0 = Release|Win32
		{B396C7C5-E8A2-4F00-BD9A-22E8D4D11E81}.Template|x64.ActiveCfg = Release|Win32
		{5926170F-E41D-427B-B979-78CEC1DC6066}.Debug|Win32.ActiveCfg = Debug|Win32
		{5926170F-E41D-427B-B979-78CEC1DC6066}.Debug|Win32.Build.0 = Debug|Win32
		{5926170F-E41D-427B-B979-78CEC1DC6066}.Debug|x64.ActiveCfg = Debug|Win32
		{5926170F-E41D-427B-B979-78CEC1DC6066}.Profile|Win32.ActiveCfg = Release|Win32
		{5926170F-E41D-427B-B979-78CEC1DC6066}.Profile|Win32.Build.0 = Release|Win32
		{5926170F-E41D-427B-B979-78CEC1DC6066}.Profile|x64.ActiveCfg = Release|Win32
		{5926170F-E41D-427B-B979-78CEC1DC6066}.Release|Win32.ActiveCfg = Release|Win32
		{5926170F-E41D-427B-B979-78CEC1DC6066}.Release|Win32.Build.0 = Release|Win32
		{5926170F-E41D-427B-B979-78CEC1DC6066}.Release|x64.ActiveCfg = Release|Win32
		{5926170F-E41D-427B-B979-78CEC1DC6066}.Template|Win32.ActiveCfg = Release|Win32
		{5926170F-E41D-427B-B979-78CEC1DC6066}.Template|Win32.Build.0 = Release|Win32
		{5926170F-E41D-427B-B979-78CEC1DC6066}.Template|x64.ActiveCfg = Release|Win32
		{9ACD6A4C-E5BE-410D-B939-2488323BB658}.Debug|Win32.ActiveCfg = Debug|Win32
		{9ACD6A4C-E5BE-410D-B939-2488323BB658}.Debug|Win32.Build.0 = Debug|Win32
		{9ACD6A4C-E5BE-410D-B939-2488323BB658}.Debug|x64.ActiveCfg = Debug|Win32
		{9ACD6A4C-E5BE-410D-B939-2488323BB658}.Profile|Win32.ActiveCfg = Release|Win32
		{9ACD6A4C-E5BE-410D-B939-2488323BB658}.Profile|Win32.Build.0 = Release|Win32
		{9ACD6A4C-E5BE-410D-B939-2488323BB658}.Profile|x64.ActiveCfg = Release|Win32
		{9ACD6A4C-E5BE-410D-B939-2488323BB658}.Release|Win32.ActiveCfg = Release|Win32
		{9ACD6A4C-E5BE-410D-B939-2488323BB658}.Release|Win32.Build.0 = Release|Win32
		{9ACD6A4C-E5BE-410D-B939-2488323BB658}.Release|x64.ActiveCfg = Release|Win32
		{9ACD6A4C-E5BE-410D-B939-2488323BB658}.Template|Win32.ActiveCfg = Release|Win32
		{9ACD6A4C-E5BE-410D-B939-2488323BB658}.Template|Win32.Build.0 = Release|Win32
		{9ACD6A4C-E5BE-410D-B939-2488323BB658}.Template|x64.ActiveCfg = Release|Win32
		{FB5AAACC-39B6-401F-8398-77B17E36E375}.Debug|Win32.ActiveCfg = Debug|Win32
		{FB5AAACC-39B6-401F-8398-77B17E36E375}.Debug|Win32.Build.0 = Debug|Win32
		{FB5AAACC-39B6-401F-8398-77B17E36E375}.Debug|x64.ActiveCfg = Debug|Win32
		{FB5AAACC-39B6-401F-8398-77B17E36E375}.Profile|Win32.ActiveCfg = Template|Win32
		{FB5AAACC-39B6-401F-8398-77B17E36E375}.Profile|Win32.Build.0 = Template|Win32
		{FB5AAACC-39B6-401F-8398-77B17E36E375}.Profile|x64.ActiveCfg = Template|Win32
		{FB5AAACC-39B6-401F-8398-77B17E36E375}.Release|Win32.ActiveCfg = Release|Win32
		{FB5AAACC-39B6-401F-8398-77B17E36E375}.Release|Win32.Build.0 = Release|Win32
		{FB5AAACC-39B6-401F-8398-77B17E36E375}.Release|x64.ActiveCfg = Release|Win32
		{FB5AAACC-39B6-401F-8398-77B17E36E375}.Template|Win32.ActiveCfg = Template|Win32
		{FB5AAACC-39B6-401F-8398-77B17E36E375}.Template|Win32.Build.0 = Template|Win32
		{FB5AAACC-39B6-401F-8398-77B17E36E375}.Template|x64.ActiveCfg = Template|Win32
	EndGlobalSection
	GlobalSection(SolutionProperties) = preSolution
		HideSolutionNode = FALSE
	EndGlobalSection
	GlobalSection(NestedProjects) = preSolution
		{0FF4D30D-4080-47F2-A811-F9785D936FF4} = {5139BF82-D28E-4717-9EE9-B5107A5CAE0F}
		{9ACD6A4C-E5BE-410D-B939-2488323BB658} = {5139BF82-D28E-4717-9EE9-B5107A5CAE0F}
		{184F7586-08EE-4257-AA92-E1D829288952} = {5139BF82-D28E-4717-9EE9-B5107A5CAE0F}
		{F12EBF9C-45E6-4B7C-9F04-FDF86A515894} = {0B243C7D-FD66-4203-B8D2-F75621468C85}
		{B396C7C5-E8A2-4F00-BD9A-22E8D4D11E81} = {0B243C7D-FD66-4203-B8D2-F75621468C85}
		{5926170F-E41D-427B-B979-78CEC1DC6066} = {0B243C7D-FD66-4203-B8D2-F75621468C85}
		{FB5AAACC-39B6-401F-8398-77B17E36E375} = {0B243C7D-FD66-4203-B8D2-F75621468C85}
		{2F845431-0F87-4F91-B880-5114D93F0E85} = {0B243C7D-FD66-4203-B8D2-F75621468C85}
	EndGlobalSection
	GlobalSection(Performance) = preSolution
		HasPerformanceSessions = true
	EndGlobalSection
EndGlobal
